
Microsoft Visual Studio Solution File, Format Version 12.00
# Visual Studio Version 16
VisualStudioVersion = 16.0.810.10
MinimumVisualStudioVersion = 10.0.40219.1
Project("{FAE04EC0-301F-11D3-BF4B-00C04F79EFBC}") = "Code1st", "Code1st.csproj", "{3AFDC65F-2ECB-49B7-9D6E-7442AFC42020}"
EndProject
Global
	GlobalSection(SolutionConfigurationPlatforms) = preSolution
		Debug|Any CPU = Debug|Any CPU
		Release|Any CPU = Release|Any CPU
	EndGlobalSection
	GlobalSection(ProjectConfigurationPlatforms) = postSolution
		{3AFDC65F-2ECB-49B7-9D6E-7442AFC42020}.Debug|Any CPU.ActiveCfg = Debug|Any CPU
		{3AFDC65F-2ECB-49B7-9D6E-7442AFC42020}.Debug|Any CPU.Build.0 = Debug|Any CPU
		{3AFDC65F-2ECB-49B7-9D6E-7442AFC42020}.Release|Any CPU.ActiveCfg = Release|Any CPU
		{3AFDC65F-2ECB-49B7-9D6E-7442AFC42020}.Release|Any CPU.Build.0 = Release|Any CPU
	EndGlobalSection
	GlobalSection(SolutionProperties) = preSolution
		HideSolutionNode = FALSE
	EndGlobalSection
	GlobalSection(ExtensibilityGlobals) = postSolution
		SolutionGuid = {32D71341-DEC9-41B1-846A-D87DE37CDE80}
	EndGlobalSection
EndGlobal
